// !$*UTF8*$!
{
	archiveVersion = 1;
	classes = {
	};
	objectVersion = 56;
	objects = {

/* Begin PBXBuildFile section */
		C0115A542BB45261005FF787 /* CoreDataBootcampApp.swift in Sources */ = {isa = PBXBuildFile; fileRef = C0115A532BB45261005FF787 /* CoreDataBootcampApp.swift */; };
		C0115A562BB45261005FF787 /* ContentView.swift in Sources */ = {isa = PBXBuildFile; fileRef = C0115A552BB45261005FF787 /* ContentView.swift */; };
		C0115A582BB45262005FF787 /* Assets.xcassets in Resources */ = {isa = PBXBuildFile; fileRef = C0115A572BB45262005FF787 /* Assets.xcassets */; };
		C0115A5B2BB45262005FF787 /* Preview Assets.xcassets in Resources */ = {isa = PBXBuildFile; fileRef = C0115A5A2BB45262005FF787 /* Preview Assets.xcassets */; };
		C0115A5D2BB45262005FF787 /* Persistence.swift in Sources */ = {isa = PBXBuildFile; fileRef = C0115A5C2BB45262005FF787 /* Persistence.swift */; };
		C0115A602BB45262005FF787 /* CoreDataBootcamp.xcdatamodeld in Sources */ = {isa = PBXBuildFile; fileRef = C0115A5E2BB45262005FF787 /* CoreDataBootcamp.xcdatamodeld */; };
		C0AF880A2BB484310067766D /* Simulator Screenshot - iPhone 15 Pro - 2024-03-27 at 17.35.42.png in Resources */ = {isa = PBXBuildFile; fileRef = C0AF88072BB484310067766D /* Simulator Screenshot - iPhone 15 Pro - 2024-03-27 at 17.35.42.png */; };
		C0AF880B2BB484310067766D /* Simulator Screenshot - iPhone 15 Pro - 2024-03-27 at 17.35.20.png in Resources */ = {isa = PBXBuildFile; fileRef = C0AF88082BB484310067766D /* Simulator Screenshot - iPhone 15 Pro - 2024-03-27 at 17.35.20.png */; };
		C0AF880C2BB484310067766D /* Simulator Screenshot - iPhone 15 Pro - 2024-03-27 at 17.36.26.png in Resources */ = {isa = PBXBuildFile; fileRef = C0AF88092BB484310067766D /* Simulator Screenshot - iPhone 15 Pro - 2024-03-27 at 17.36.26.png */; };
/* End PBXBuildFile section */

/* Begin PBXFileReference section */
		C0115A502BB45261005FF787 /* CoreDataBootcamp.app */ = {isa = PBXFileReference; explicitFileType = wrapper.application; includeInIndex = 0; path = CoreDataBootcamp.app; sourceTree = BUILT_PRODUCTS_DIR; };
		C0115A532BB45261005FF787 /* CoreDataBootcampApp.swift */ = {isa = PBXFileReference; lastKnownFileType = sourcecode.swift; path = CoreDataBootcampApp.swift; sourceTree = "<group>"; };
		C0115A552BB45261005FF787 /* ContentView.swift */ = {isa = PBXFileReference; lastKnownFileType = sourcecode.swift; path = ContentView.swift; sourceTree = "<group>"; };
		C0115A572BB45262005FF787 /* Assets.xcassets */ = {isa = PBXFileReference; lastKnownFileType = folder.assetcatalog; path = Assets.xcassets; sourceTree = "<group>"; };
		C0115A5A2BB45262005FF787 /* Preview Assets.xcassets */ = {isa = PBXFileReference; lastKnownFileType = folder.assetcatalog; path = "Preview Assets.xcassets"; sourceTree = "<group>"; };
		C0115A5C2BB45262005FF787 /* Persistence.swift */ = {isa = PBXFileReference; lastKnownFileType = sourcecode.swift; path = Persistence.swift; sourceTree = "<group>"; };
		C0115A5F2BB45262005FF787 /* CoreDataBootcamp.xcdatamodel */ = {isa = PBXFileReference; lastKnownFileType = wrapper.xcdatamodel; path = CoreDataBootcamp.xcdatamodel; sourceTree = "<group>"; };
		C0AF88072BB484310067766D /* Simulator Screenshot - iPhone 15 Pro - 2024-03-27 at 17.35.42.png */ = {isa = PBXFileReference; lastKnownFileType = image.png; path = "Simulator Screenshot - iPhone 15 Pro - 2024-03-27 at 17.35.42.png"; sourceTree = "<group>"; };
		C0AF88082BB484310067766D /* Simulator Screenshot - iPhone 15 Pro - 2024-03-27 at 17.35.20.png */ = {isa = PBXFileReference; lastKnownFileType = image.png; path = "Simulator Screenshot - iPhone 15 Pro - 2024-03-27 at 17.35.20.png"; sourceTree = "<group>"; };
		C0AF88092BB484310067766D /* Simulator Screenshot - iPhone 15 Pro - 2024-03-27 at 17.36.26.png */ = {isa = PBXFileReference; lastKnownFileType = image.png; path = "Simulator Screenshot - iPhone 15 Pro - 2024-03-27 at 17.36.26.png"; sourceTree = "<group>"; };
/* End PBXFileReference section */

/* Begin PBXFrameworksBuildPhase section */
		C0115A4D2BB45261005FF787 /* Frameworks */ = {
			isa = PBXFrameworksBuildPhase;
			buildActionMask = 2147483647;
			files = (
			);
			runOnlyForDeploymentPostprocessing = 0;
		};
/* End PBXFrameworksBuildPhase section */

/* Begin PBXGroup section */
		C0115A472BB45261005FF787 = {
			isa = PBXGroup;
			children = (
				C0115A522BB45261005FF787 /* CoreDataBootcamp */,
				C0115A512BB45261005FF787 /* Products */,
			);
			sourceTree = "<group>";
		};
		C0115A512BB45261005FF787 /* Products */ = {
			isa = PBXGroup;
			children = (
				C0115A502BB45261005FF787 /* CoreDataBootcamp.app */,
			);
			name = Products;
			sourceTree = "<group>";
		};
		C0115A522BB45261005FF787 /* CoreDataBootcamp */ = {
			isa = PBXGroup;
			children = (
				C0115A532BB45261005FF787 /* CoreDataBootcampApp.swift */,
				C0115A552BB45261005FF787 /* ContentView.swift */,
				C0AF88062BB483FE0067766D /* Screenshots */,
				C0115A572BB45262005FF787 /* Assets.xcassets */,
				C0115A5C2BB45262005FF787 /* Persistence.swift */,
				C0115A5E2BB45262005FF787 /* CoreDataBootcamp.xcdatamodeld */,
				C0115A592BB45262005FF787 /* Preview Content */,
			);
			path = CoreDataBootcamp;
			sourceTree = "<group>";
		};
		C0115A592BB45262005FF787 /* Preview Content */ = {
			isa = PBXGroup;
			children = (
				C0115A5A2BB45262005FF787 /* Preview Assets.xcassets */,
			);
			path = "Preview Content";
			sourceTree = "<group>";
		};
		C0AF88062BB483FE0067766D /* Screenshots */ = {
			isa = PBXGroup;
			children = (
				C0AF88082BB484310067766D /* Simulator Screenshot - iPhone 15 Pro - 2024-03-27 at 17.35.20.png */,
				C0AF88072BB484310067766D /* Simulator Screenshot - iPhone 15 Pro - 2024-03-27 at 17.35.42.png */,
				C0AF88092BB484310067766D /* Simulator Screenshot - iPhone 15 Pro - 2024-03-27 at 17.36.26.png */,
			);
			path = Screenshots;
			sourceTree = "<group>";
		};
/* End PBXGroup section */

/* Begin PBXNativeTarget section */
		C0115A4F2BB45261005FF787 /* CoreDataBootcamp */ = {
			isa = PBXNativeTarget;
			buildConfigurationList = C0115A632BB45262005FF787 /* Build configuration list for PBXNativeTarget "CoreDataBootcamp" */;
			buildPhases = (
				C0115A4C2BB45261005FF787 /* Sources */,
				C0115A4D2BB45261005FF787 /* Frameworks */,
				C0115A4E2BB45261005FF787 /* Resources */,
			);
			buildRules = (
			);
			dependencies = (
			);
			name = CoreDataBootcamp;
			productName = CoreDataBootcamp;
			productReference = C0115A502BB45261005FF787 /* CoreDataBootcamp.app */;
			productType = "com.apple.product-type.application";
		};
/* End PBXNativeTarget section */

/* Begin PBXProject section */
		C0115A482BB45261005FF787 /* Project object */ = {
			isa = PBXProject;
			attributes = {
				BuildIndependentTargetsInParallel = 1;
				LastSwiftUpdateCheck = 1530;
				LastUpgradeCheck = 1530;
				TargetAttributes = {
					C0115A4F2BB45261005FF787 = {
						CreatedOnToolsVersion = 15.3;
					};
				};
			};
			buildConfigurationList = C0115A4B2BB45261005FF787 /* Build configuration list for PBXProject "CoreDataBootcamp" */;
			compatibilityVersion = "Xcode 14.0";
			developmentRegion = en;
			hasScannedForEncodings = 0;
			knownRegions = (
				en,
				Base,
			);
			mainGroup = C0115A472BB45261005FF787;
			productRefGroup = C0115A512BB45261005FF787 /* Products */;
			projectDirPath = "";
			projectRoot = "";
			targets = (
				C0115A4F2BB45261005FF787 /* CoreDataBootcamp */,
			);
		};
/* End PBXProject section */

/* Begin PBXResourcesBuildPhase section */
		C0115A4E2BB45261005FF787 /* Resources */ = {
			isa = PBXResourcesBuildPhase;
			buildActionMask = 2147483647;
			files = (
				C0AF880C2BB484310067766D /* Simulator Screenshot - iPhone 15 Pro - 2024-03-27 at 17.36.26.png in Resources */,
				C0AF880A2BB484310067766D /* Simulator Screenshot - iPhone 15 Pro - 2024-03-27 at 17.35.42.png in Resources */,
				C0AF880B2BB484310067766D /* Simulator Screenshot - iPhone 15 Pro - 2024-03-27 at 17.35.20.png in Resources */,
				C0115A5B2BB45262005FF787 /* Preview Assets.xcassets in Resources */,
				C0115A582BB45262005FF787 /* Assets.xcassets in Resources */,
			);
			runOnlyForDeploymentPostprocessing = 0;
		};
/* End PBXResourcesBuildPhase section */

/* Begin PBXSourcesBuildPhase section */
		C0115A4C2BB45261005FF787 /* Sources */ = {
			isa = PBXSourcesBuildPhase;
			buildActionMask = 2147483647;
			files = (
				C0115A5D2BB45262005FF787 /* Persistence.swift in Sources */,
				C0115A602BB45262005FF787 /* CoreDataBootcamp.xcdatamodeld in Sources */,
				C0115A562BB45261005FF787 /* ContentView.swift in Sources */,
				C0115A542BB45261005FF787 /* CoreDataBootcampApp.swift in Sources */,
			);
			runOnlyForDeploymentPostprocessing = 0;
		};
/* End PBXSourcesBuildPhase section */

/* Begin XCBuildConfiguration section */
		C0115A612BB45262005FF787 /* Debug */ = {
			isa = XCBuildConfiguration;
			buildSettings = {
				ALWAYS_SEARCH_USER_PATHS = NO;
				ASSETCATALOG_COMPILER_GENERATE_SWIFT_ASSET_SYMBOL_EXTENSIONS = YES;
				CLANG_ANALYZER_NONNULL = YES;
				CLANG_ANALYZER_NUMBER_OBJECT_CONVERSION = YES_AGGRESSIVE;
				CLANG_CXX_LANGUAGE_STANDARD = "gnu++20";
				CLANG_ENABLE_MODULES = YES;
				CLANG_ENABLE_OBJC_ARC = YES;
				CLANG_ENABLE_OBJC_WEAK = YES;
				CLANG_WARN_BLOCK_CAPTURE_AUTORELEASING = YES;
				CLANG_WARN_BOOL_CONVERSION = YES;
				CLANG_WARN_COMMA = YES;
				CLANG_WARN_CONSTANT_CONVERSION = YES;
				CLANG_WARN_DEPRECATED_OBJC_IMPLEMENTATIONS = YES;
				CLANG_WARN_DIRECT_OBJC_ISA_USAGE = YES_ERROR;
				CLANG_WARN_DOCUMENTATION_COMMENTS = YES;
				CLANG_WARN_EMPTY_BODY = YES;
				CLANG_WARN_ENUM_CONVERSION = YES;
				CLANG_WARN_INFINITE_RECURSION = YES;
				CLANG_WARN_INT_CONVERSION = YES;
				CLANG_WARN_NON_LITERAL_NULL_CONVERSION = YES;
				CLANG_WARN_OBJC_IMPLICIT_RETAIN_SELF = YES;
				CLANG_WARN_OBJC_LITERAL_CONVERSION = YES;
				CLANG_WARN_OBJC_ROOT_CLASS = YES_ERROR;
				CLANG_WARN_QUOTED_INCLUDE_IN_FRAMEWORK_HEADER = YES;
				CLANG_WARN_RANGE_LOOP_ANALYSIS = YES;
				CLANG_WARN_STRICT_PROTOTYPES = YES;
				CLANG_WARN_SUSPICIOUS_MOVE = YES;
				CLANG_WARN_UNGUARDED_AVAILABILITY = YES_AGGRESSIVE;
				CLANG_WARN_UNREACHABLE_CODE = YES;
				CLANG_WARN__DUPLICATE_METHOD_MATCH = YES;
				COPY_PHASE_STRIP = NO;
				DEBUG_INFORMATION_FORMAT = dwarf;
				ENABLE_STRICT_OBJC_MSGSEND = YES;
				ENABLE_TESTABILITY = YES;
				ENABLE_USER_SCRIPT_SANDBOXING = YES;
				GCC_C_LANGUAGE_STANDARD = gnu17;
				GCC_DYNAMIC_NO_PIC = NO;
				GCC_NO_COMMON_BLOCKS = YES;
				GCC_OPTIMIZATION_LEVEL = 0;
				GCC_PREPROCESSOR_DEFINITIONS = (
					"DEBUG=1",
					"$(inherited)",
				);
				GCC_WARN_64_TO_32_BIT_CONVERSION = YES;
				GCC_WARN_ABOUT_RETURN_TYPE = YES_ERROR;
				GCC_WARN_UNDECLARED_SELECTOR = YES;
				GCC_WARN_UNINITIALIZED_AUTOS = YES_AGGRESSIVE;
				GCC_WARN_UNUSED_FUNCTION = YES;
				GCC_WARN_UNUSED_VARIABLE = YES;
				IPHONEOS_DEPLOYMENT_TARGET = 16.0;
				LOCALIZATION_PREFERS_STRING_CATALOGS = YES;
				MTL_ENABLE_DEBUG_INFO = INCLUDE_SOURCE;
				MTL_FAST_MATH = YES;
				ONLY_ACTIVE_ARCH = YES;
				SDKROOT = iphoneos;
				SWIFT_ACTIVE_COMPILATION_CONDITIONS = "DEBUG $(inherited)";
				SWIFT_OPTIMIZATION_LEVEL = "-Onone";
			};
			name = Debug;
		};
		C0115A622BB45262005FF787 /* Release */ = {
			isa = XCBuildConfiguration;
			buildSettings = {
				ALWAYS_SEARCH_USER_PATHS = NO;
				ASSETCATALOG_COMPILER_GENERATE_SWIFT_ASSET_SYMBOL_EXTENSIONS = YES;
				CLANG_ANALYZER_NONNULL = YES;
				CLANG_ANALYZER_NUMBER_OBJECT_CONVERSION = YES_AGGRESSIVE;
				CLANG_CXX_LANGUAGE_STANDARD = "gnu++20";
				CLANG_ENABLE_MODULES = YES;
				CLANG_ENABLE_OBJC_ARC = YES;
				CLANG_ENABLE_OBJC_WEAK = YES;
				CLANG_WARN_BLOCK_CAPTURE_AUTORELEASING = YES;
				CLANG_WARN_BOOL_CONVERSION = YES;
				CLANG_WARN_COMMA = YES;
				CLANG_WARN_CONSTANT_CONVERSION = YES;
				CLANG_WARN_DEPRECATED_OBJC_IMPLEMENTATIONS = YES;
				CLANG_WARN_DIRECT_OBJC_ISA_USAGE = YES_ERROR;
				CLANG_WARN_DOCUMENTATION_COMMENTS = YES;
				CLANG_WARN_EMPTY_BODY = YES;
				CLANG_WARN_ENUM_CONVERSION = YES;
				CLANG_WARN_INFINITE_RECURSION = YES;
				CLANG_WARN_INT_CONVERSION = YES;
				CLANG_WARN_NON_LITERAL_NULL_CONVERSION = YES;
				CLANG_WARN_OBJC_IMPLICIT_RETAIN_SELF = YES;
				CLANG_WARN_OBJC_LITERAL_CONVERSION = YES;
				CLANG_WARN_OBJC_ROOT_CLASS = YES_ERROR;
				CLANG_WARN_QUOTED_INCLUDE_IN_FRAMEWORK_HEADER = YES;
				CLANG_WARN_RANGE_LOOP_ANALYSIS = YES;
				CLANG_WARN_STRICT_PROTOTYPES = YES;
				CLANG_WARN_SUSPICIOUS_MOVE = YES;
				CLANG_WARN_UNGUARDED_AVAILABILITY = YES_AGGRESSIVE;
				CLANG_WARN_UNREACHABLE_CODE = YES;
				CLANG_WARN__DUPLICATE_METHOD_MATCH = YES;
				COPY_PHASE_STRIP = NO;
				DEBUG_INFORMATION_FORMAT = "dwarf-with-dsym";
				ENABLE_NS_ASSERTIONS = NO;
				ENABLE_STRICT_OBJC_MSGSEND = YES;
				ENABLE_USER_SCRIPT_SANDBOXING = YES;
				GCC_C_LANGUAGE_STANDARD = gnu17;
				GCC_NO_COMMON_BLOCKS = YES;
				GCC_WARN_64_TO_32_BIT_CONVERSION = YES;
				GCC_WARN_ABOUT_RETURN_TYPE = YES_ERROR;
				GCC_WARN_UNDECLARED_SELECTOR = YES;
				GCC_WARN_UNINITIALIZED_AUTOS = YES_AGGRESSIVE;
				GCC_WARN_UNUSED_FUNCTION = YES;
				GCC_WARN_UNUSED_VARIABLE = YES;
				IPHONEOS_DEPLOYMENT_TARGET = 16.0;
				LOCALIZATION_PREFERS_STRING_CATALOGS = YES;
				MTL_ENABLE_DEBUG_INFO = NO;
				MTL_FAST_MATH = YES;
				SDKROOT = iphoneos;
				SWIFT_COMPILATION_MODE = wholemodule;
				VALIDATE_PRODUCT = YES;
			};
			name = Release;
		};
		C0115A642BB45262005FF787 /* Debug */ = {
			isa = XCBuildConfiguration;
			buildSettings = {
				ASSETCATALOG_COMPILER_APPICON_NAME = AppIcon;
				ASSETCATALOG_COMPILER_GLOBAL_ACCENT_COLOR_NAME = AccentColor;
				CODE_SIGN_STYLE = Automatic;
				CURRENT_PROJECT_VERSION = 1;
				DEVELOPMENT_ASSET_PATHS = "\"CoreDataBootcamp/Preview Content\"";
				DEVELOPMENT_TEAM = 93NA5FP2X8;
				ENABLE_PREVIEWS = YES;
				GENERATE_INFOPLIST_FILE = YES;
				INFOPLIST_KEY_UIApplicationSceneManifest_Generation = YES;
				INFOPLIST_KEY_UIApplicationSupportsIndirectInputEvents = YES;
				INFOPLIST_KEY_UILaunchScreen_Generation = YES;
				INFOPLIST_KEY_UISupportedInterfaceOrientations_iPad = "UIInterfaceOrientationPortrait UIInterfaceOrientationPortraitUpsideDown UIInterfaceOrientationLandscapeLeft UIInterfaceOrientationLandscapeRight";
				INFOPLIST_KEY_UISupportedInterfaceOrientations_iPhone = "UIInterfaceOrientationPortrait UIInterfaceOrientationLandscapeLeft UIInterfaceOrientationLandscapeRight";
				IPHONEOS_DEPLOYMENT_TARGET = 16.0;
				LD_RUNPATH_SEARCH_PATHS = (
					"$(inherited)",
					"@executable_path/Frameworks",
				);
				MARKETING_VERSION = 1.0;
				PRODUCT_BUNDLE_IDENTIFIER = "saydulayev.wien-gmail.com.CoreDataBootcamp";
				PRODUCT_NAME = "$(TARGET_NAME)";
				SUPPORTED_PLATFORMS = "iphoneos iphonesimulator";
				SUPPORTS_MACCATALYST = NO;
				SUPPORTS_MAC_DESIGNED_FOR_IPHONE_IPAD = NO;
				SUPPORTS_XR_DESIGNED_FOR_IPHONE_IPAD = NO;
				SWIFT_EMIT_LOC_STRINGS = YES;
				SWIFT_VERSION = 5.0;
				TARGETED_DEVICE_FAMILY = 1;
			};
			name = Debug;
		};
		C0115A652BB45262005FF787 /* Release */ = {
			isa = XCBuildConfiguration;
			buildSettings = {
				ASSETCATALOG_COMPILER_APPICON_NAME = AppIcon;
				ASSETCATALOG_COMPILER_GLOBAL_ACCENT_COLOR_NAME = AccentColor;
				CODE_SIGN_STYLE = Automatic;
				CURRENT_PROJECT_VERSION = 1;
				DEVELOPMENT_ASSET_PATHS = "\"CoreDataBootcamp/Preview Content\"";
				DEVELOPMENT_TEAM = 93NA5FP2X8;
				ENABLE_PREVIEWS = YES;
				GENERATE_INFOPLIST_FILE = YES;
				INFOPLIST_KEY_UIApplicationSceneManifest_Generation = YES;
				INFOPLIST_KEY_UIApplicationSupportsIndirectInputEvents = YES;
				INFOPLIST_KEY_UILaunchScreen_Generation = YES;
				INFOPLIST_KEY_UISupportedInterfaceOrientations_iPad = "UIInterfaceOrientationPortrait UIInterfaceOrientationPortraitUpsideDown UIInterfaceOrientationLandscapeLeft UIInterfaceOrientationLandscapeRight";
				INFOPLIST_KEY_UISupportedInterfaceOrientations_iPhone = "UIInterfaceOrientationPortrait UIInterfaceOrientationLandscapeLeft UIInterfaceOrientationLandscapeRight";
				IPHONEOS_DEPLOYMENT_TARGET = 16.0;
				LD_RUNPATH_SEARCH_PATHS = (
					"$(inherited)",
					"@executable_path/Frameworks",
				);
				MARKETING_VERSION = 1.0;
				PRODUCT_BUNDLE_IDENTIFIER = "saydulayev.wien-gmail.com.CoreDataBootcamp";
				PRODUCT_NAME = "$(TARGET_NAME)";
				SUPPORTED_PLATFORMS = "iphoneos iphonesimulator";
				SUPPORTS_MACCATALYST = NO;
				SUPPORTS_MAC_DESIGNED_FOR_IPHONE_IPAD = NO;
				SUPPORTS_XR_DESIGNED_FOR_IPHONE_IPAD = NO;
				SWIFT_EMIT_LOC_STRINGS = YES;
				SWIFT_VERSION = 5.0;
				TARGETED_DEVICE_FAMILY = 1;
			};
			name = Release;
		};
/* End XCBuildConfiguration section */

/* Begin XCConfigurationList section */
		C0115A4B2BB45261005FF787 /* Build configuration list for PBXProject "CoreDataBootcamp" */ = {
			isa = XCConfigurationList;
			buildConfigurations = (
				C0115A612BB45262005FF787 /* Debug */,
				C0115A622BB45262005FF787 /* Release */,
			);
			defaultConfigurationIsVisible = 0;
			defaultConfigurationName = Release;
		};
		C0115A632BB45262005FF787 /* Build configuration list for PBXNativeTarget "CoreDataBootcamp" */ = {
			isa = XCConfigurationList;
			buildConfigurations = (
				C0115A642BB45262005FF787 /* Debug */,
				C0115A652BB45262005FF787 /* Release */,
			);
			defaultConfigurationIsVisible = 0;
			defaultConfigurationName = Release;
		};
/* End XCConfigurationList section */

/* Begin XCVersionGroup section */
		C0115A5E2BB45262005FF787 /* CoreDataBootcamp.xcdatamodeld */ = {
			isa = XCVersionGroup;
			children = (
				C0115A5F2BB45262005FF787 /* CoreDataBootcamp.xcdatamodel */,
			);
			currentVersion = C0115A5F2BB45262005FF787 /* CoreDataBootcamp.xcdatamodel */;
			path = CoreDataBootcamp.xcdatamodeld;
			sourceTree = "<group>";
			versionGroupType = wrapper.xcdatamodel;
		};
/* End XCVersionGroup section */
	};
	rootObject = C0115A482BB45261005FF787 /* Project object */;
}
